Microsoft Visual Studio Solution File, Format Version 12.00
# Visual Studio Version 17
VisualStudioVersion = 17.5.2.0
MinimumVisualStudioVersion = 10.0.40219.1
Project("{FAE04EC0-301F-11D3-BF4B-00C04F79EFBC}") = "fitnessBudyApi", "fitnessBudyApi.csproj", "{CFE27799-6148-51CD-46F2-2F7BF9633388}"
EndProject
Global
	GlobalSection(SolutionConfigurationPlatforms) = preSolution
		Debug|Any CPU = Debug|Any CPU
		Release|Any CPU = Release|Any CPU
	EndGlobalSection
	GlobalSection(ProjectConfigurationPlatforms) = postSolution
		{CFE27799-6148-51CD-46F2-2F7BF9633388}.Debug|Any CPU.ActiveCfg = Debug|Any CPU
		{CFE27799-6148-51CD-46F2-2F7BF9633388}.Debug|Any CPU.Build.0 = Debug|Any CPU
		{CFE27799-6148-51CD-46F2-2F7BF9633388}.Release|Any CPU.ActiveCfg = Release|Any CPU
		{CFE27799-6148-51CD-46F2-2F7BF9633388}.Release|Any CPU.Build.0 = Release|Any CPU
	EndGlobalSection
	GlobalSection(SolutionProperties) = preSolution
		HideSolutionNode = FALSE
	EndGlobalSection
	GlobalSection(ExtensibilityGlobals) = postSolution
		SolutionGuid = {01682E74-0327-4A3A-8AB1-A7321C22C89D}
	EndGlobalSection
EndGlobal
